
Microsoft Visual Studio Solution File, Format Version 12.00
# Visual Studio Version 16
VisualStudioVersion = 16.0.31613.86
MinimumVisualStudioVersion = 10.0.40219.1
Project("{FAE04EC0-301F-11D3-BF4B-00C04F79EFBC}") = "OrderApi", "OrderApi.csproj", "{81FF6924-7E79-4DFD-8092-7B8C19AE7021}"
EndProject
Global
	GlobalSection(SolutionConfigurationPlatforms) = preSolution
		Debug|Any CPU = Debug|Any CPU
		Release|Any CPU = Release|Any CPU
	EndGlobalSection
	GlobalSection(ProjectConfigurationPlatforms) = postSolution
		{81FF6924-7E79-4DFD-8092-7B8C19AE7021}.Debug|Any CPU.ActiveCfg = Debug|Any CPU
		{81FF6924-7E79-4DFD-8092-7B8C19AE7021}.Debug|Any CPU.Build.0 = Debug|Any CPU
		{81FF6924-7E79-4DFD-8092-7B8C19AE7021}.Release|Any CPU.ActiveCfg = Release|Any CPU
		{81FF6924-7E79-4DFD-8092-7B8C19AE7021}.Release|Any CPU.Build.0 = Release|Any CPU
	EndGlobalSection
	GlobalSection(SolutionProperties) = preSolution
		HideSolutionNode = FALSE
	EndGlobalSection
	GlobalSection(ExtensibilityGlobals) = postSolution
		SolutionGuid = {499A47E3-9B27-40C9-9831-675050DD6726}
	EndGlobalSection
EndGlobal
