
Microsoft Visual Studio Solution File, Format Version 12.00
# Visual Studio Version 16
VisualStudioVersion = 16.0.31613.86
MinimumVisualStudioVersion = 10.0.40219.1
Project("{9A19103F-16F7-4668-BE54-9A1E7A4F7556}") = "UserPizzaAPI", "UserPizzaAPI.csproj", "{E8CDE96D-24D3-4365-98D7-8C05E579AE33}"
EndProject
Global
	GlobalSection(SolutionConfigurationPlatforms) = preSolution
		Debug|Any CPU = Debug|Any CPU
		Release|Any CPU = Release|Any CPU
	EndGlobalSection
	GlobalSection(ProjectConfigurationPlatforms) = postSolution
		{E8CDE96D-24D3-4365-98D7-8C05E579AE33}.Debug|Any CPU.ActiveCfg = Debug|Any CPU
		{E8CDE96D-24D3-4365-98D7-8C05E579AE33}.Debug|Any CPU.Build.0 = Debug|Any CPU
		{E8CDE96D-24D3-4365-98D7-8C05E579AE33}.Release|Any CPU.ActiveCfg = Release|Any CPU
		{E8CDE96D-24D3-4365-98D7-8C05E579AE33}.Release|Any CPU.Build.0 = Release|Any CPU
	EndGlobalSection
	GlobalSection(SolutionProperties) = preSolution
		HideSolutionNode = FALSE
	EndGlobalSection
	GlobalSection(ExtensibilityGlobals) = postSolution
		SolutionGuid = {4D743E4A-1301-4871-B60B-65F4CF0B8B1B}
	EndGlobalSection
EndGlobal
